
Microsoft Visual Studio Solution File, Format Version 12.00
# Visual Studio 15
VisualStudioVersion = 15.0.28307.645
MinimumVisualStudioVersion = 10.0.40219.1
Project("{FAE04EC0-301F-11D3-BF4B-00C04F79EFBC}") = "ProyectoFinal_Progra3", "ProyectoFinal_Progra3\ProyectoFinal_Progra3.csproj", "{53B0F744-3881-477C-8945-22CC871A5157}"
EndProject
Global
	GlobalSection(SolutionConfigurationPlatforms) = preSolution
		Debug|Any CPU = Debug|Any CPU
		Release|Any CPU = Release|Any CPU
	EndGlobalSection
	GlobalSection(ProjectConfigurationPlatforms) = postSolution
		{53B0F744-3881-477C-8945-22CC871A5157}.Debug|Any CPU.ActiveCfg = Debug|Any CPU
		{53B0F744-3881-477C-8945-22CC871A5157}.Debug|Any CPU.Build.0 = Debug|Any CPU
		{53B0F744-3881-477C-8945-22CC871A5157}.Release|Any CPU.ActiveCfg = Release|Any CPU
		{53B0F744-3881-477C-8945-22CC871A5157}.Release|Any CPU.Build.0 = Release|Any CPU
	EndGlobalSection
	GlobalSection(SolutionProperties) = preSolution
		HideSolutionNode = FALSE
	EndGlobalSection
	GlobalSection(ExtensibilityGlobals) = postSolution
		SolutionGuid = {6AD05441-4CEA-4550-A070-8DF40BDA7BED}
	EndGlobalSection
EndGlobal
